<?xml version="1.0" encoding="utf-8"?>
<Project ToolsVersion="4.0" xmlns="http://schemas.microsoft.com/developer/msbuild/2003">
  <ItemGroup>
    <Filter Include="源文件">
      <UniqueIdentifier>{4FC737F1-C7A5-4376-A066-2A32D752A2FF}</UniqueIdentifier>
      <Extensions>cpp;c;cc;cxx;def;odl;idl;hpj;bat;asm;asmx</Extensions>
    </Filter>
    <Filter Include="头文件">
      <UniqueIdentifier>{93995380-89BD-4b04-88EB-625FBE52EBFB}</UniqueIdentifier>
      <Extensions>h;hh;hpp;hxx;hm;inl;inc;ipp;xsd</Extensions>
    </Filter>
    <Filter Include="资源文件">
      <UniqueIdentifier>{67DA6AB6-F800-4c08-8B7A-83BB121AAD01}</UniqueIdentifier>
      <Extensions>rc;ico;cur;bmp;dlg;rc2;rct;bin;rgs;gif;jpg;jpeg;jpe;resx;tiff;tif;png;wav;mfcribbon-ms</Extensions>
    </Filter>
    <Filter Include="源文件\basic">
      <UniqueIdentifier>{1bb887ae-81e6-4e5e-a82e-c0deb6e96930}</UniqueIdentifier>
    </Filter>
    <Filter Include="源文件\view">
      <UniqueIdentifier>{27df20bf-3b7e-4134-8755-54d522976483}</UniqueIdentifier>
    </Filter>
  </ItemGroup>
  <ItemGroup>
    <ClCompile Include="main.cpp">
      <Filter>源文件</Filter>
    </ClCompile>
    <ClCompile Include="test.cpp">
      <Filter>源文件</Filter>
    </ClCompile>
    <ClCompile Include="admin.cpp">
      <Filter>源文件\view</Filter>
    </ClCompile>
    <ClCompile Include="god.cpp">
      <Filter>源文件\view</Filter>
    </ClCompile>
    <ClCompile Include="login.cpp">
      <Filter>源文件\view</Filter>
    </ClCompile>
    <ClCompile Include="manager.cpp">
      <Filter>源文件\view</Filter>
    </ClCompile>
    <ClCompile Include="ticketSeller.cpp">
      <Filter>源文件\view</Filter>
    </ClCompile>
    <ClCompile Include="brokenSeatRelated.cpp">
      <Filter>源文件\basic</Filter>
    </ClCompile>
    <ClCompile Include="loadAndSave.cpp">
      <Filter>源文件\basic</Filter>
    </ClCompile>
    <ClCompile Include="movieRelated.cpp">
      <Filter>源文件\basic</Filter>
    </ClCompile>
    <ClCompile Include="stringRelated.cpp">
      <Filter>源文件\basic</Filter>
    </ClCompile>
    <ClCompile Include="studioRelated.cpp">
      <Filter>源文件\basic</Filter>
    </ClCompile>
    <ClCompile Include="ticketRelated.cpp">
      <Filter>源文件\basic</Filter>
    </ClCompile>
    <ClCompile Include="userRelated.cpp">
      <Filter>源文件\basic</Filter>
    </ClCompile>
    <ClCompile Include="dataAnalysis.cpp">
      <Filter>源文件\basic</Filter>
    </ClCompile>
  </ItemGroup>
  <ItemGroup>
    <ClInclude Include="usedVariableTypes.h">
      <Filter>头文件</Filter>
    </ClInclude>
    <ClInclude Include="stringRelated.h">
      <Filter>头文件</Filter>
    </ClInclude>
    <ClInclude Include="userRelated.h">
      <Filter>头文件</Filter>
    </ClInclude>
    <ClInclude Include="movieRelated.h">
      <Filter>头文件</Filter>
    </ClInclude>
    <ClInclude Include="studioRelated.h">
      <Filter>头文件</Filter>
    </ClInclude>
    <ClInclude Include="brokenSeatHistory.h">
      <Filter>头文件</Filter>
    </ClInclude>
    <ClInclude Include="ticketRelated.h">
      <Filter>头文件</Filter>
    </ClInclude>
  </ItemGroup>
</Project>